// !$*UTF8*$!
{
	archiveVersion = 1;
	classes = {
	};
	objectVersion = 56;
	objects = {

/* Begin PBXBuildFile section */
		6A6E9F46296F46A60056A468 /* AppDelegate.swift in Sources */ = {isa = PBXBuildFile; fileRef = 6A6E9F45296F46A60056A468 /* AppDelegate.swift */; };
		6A6E9F48296F46A60056A468 /* SceneDelegate.swift in Sources */ = {isa = PBXBuildFile; fileRef = 6A6E9F47296F46A60056A468 /* SceneDelegate.swift */; };
		6A6E9F4A296F46A60056A468 /* CountriesViewController.swift in Sources */ = {isa = PBXBuildFile; fileRef = 6A6E9F49296F46A60056A468 /* CountriesViewController.swift */; };
		6A6E9F4D296F46A60056A468 /* Main.storyboard in Resources */ = {isa = PBXBuildFile; fileRef = 6A6E9F4B296F46A60056A468 /* Main.storyboard */; };
		6A6E9F4F296F46A70056A468 /* Assets.xcassets in Resources */ = {isa = PBXBuildFile; fileRef = 6A6E9F4E296F46A70056A468 /* Assets.xcassets */; };
		6A6E9F52296F46A70056A468 /* LaunchScreen.storyboard in Resources */ = {isa = PBXBuildFile; fileRef = 6A6E9F50296F46A70056A468 /* LaunchScreen.storyboard */; };
		6A6E9F5E296F4FE20056A468 /* CountryModel.swift in Sources */ = {isa = PBXBuildFile; fileRef = 6A6E9F5D296F4FE20056A468 /* CountryModel.swift */; };
		6A6E9F60296F504A0056A468 /* Requests.swift in Sources */ = {isa = PBXBuildFile; fileRef = 6A6E9F5F296F504A0056A468 /* Requests.swift */; };
		6A6E9F62296F50690056A468 /* CountriesViewModel.swift in Sources */ = {isa = PBXBuildFile; fileRef = 6A6E9F61296F50690056A468 /* CountriesViewModel.swift */; };
		6A6E9F64296F52FC0056A468 /* CountryTableViewCell.swift in Sources */ = {isa = PBXBuildFile; fileRef = 6A6E9F63296F52FC0056A468 /* CountryTableViewCell.swift */; };
		6AF0E57F297060760041FA45 /* CountryViewController.swift in Sources */ = {isa = PBXBuildFile; fileRef = 6AF0E57E297060760041FA45 /* CountryViewController.swift */; };
/* End PBXBuildFile section */

/* Begin PBXFileReference section */
		6A6E9F42296F46A60056A468 /* MVVMUIKit.app */ = {isa = PBXFileReference; explicitFileType = wrapper.application; includeInIndex = 0; path = MVVMUIKit.app; sourceTree = BUILT_PRODUCTS_DIR; };
		6A6E9F45296F46A60056A468 /* AppDelegate.swift */ = {isa = PBXFileReference; lastKnownFileType = sourcecode.swift; path = AppDelegate.swift; sourceTree = "<group>"; };
		6A6E9F47296F46A60056A468 /* SceneDelegate.swift */ = {isa = PBXFileReference; lastKnownFileType = sourcecode.swift; path = SceneDelegate.swift; sourceTree = "<group>"; };
		6A6E9F49296F46A60056A468 /* CountriesViewController.swift */ = {isa = PBXFileReference; lastKnownFileType = sourcecode.swift; path = CountriesViewController.swift; sourceTree = "<group>"; };
		6A6E9F4C296F46A60056A468 /* Base */ = {isa = PBXFileReference; lastKnownFileType = file.storyboard; name = Base; path = Base.lproj/Main.storyboard; sourceTree = "<group>"; };
		6A6E9F4E296F46A70056A468 /* Assets.xcassets */ = {isa = PBXFileReference; lastKnownFileType = folder.assetcatalog; path = Assets.xcassets; sourceTree = "<group>"; };
		6A6E9F51296F46A70056A468 /* Base */ = {isa = PBXFileReference; lastKnownFileType = file.storyboard; name = Base; path = Base.lproj/LaunchScreen.storyboard; sourceTree = "<group>"; };
		6A6E9F53296F46A70056A468 /* Info.plist */ = {isa = PBXFileReference; lastKnownFileType = text.plist.xml; path = Info.plist; sourceTree = "<group>"; };
		6A6E9F5D296F4FE20056A468 /* CountryModel.swift */ = {isa = PBXFileReference; lastKnownFileType = sourcecode.swift; path = CountryModel.swift; sourceTree = "<group>"; };
		6A6E9F5F296F504A0056A468 /* Requests.swift */ = {isa = PBXFileReference; lastKnownFileType = sourcecode.swift; path = Requests.swift; sourceTree = "<group>"; };
		6A6E9F61296F50690056A468 /* CountriesViewModel.swift */ = {isa = PBXFileReference; lastKnownFileType = sourcecode.swift; path = CountriesViewModel.swift; sourceTree = "<group>"; };
		6A6E9F63296F52FC0056A468 /* CountryTableViewCell.swift */ = {isa = PBXFileReference; lastKnownFileType = sourcecode.swift; path = CountryTableViewCell.swift; sourceTree = "<group>"; };
		6AF0E57E297060760041FA45 /* CountryViewController.swift */ = {isa = PBXFileReference; lastKnownFileType = sourcecode.swift; path = CountryViewController.swift; sourceTree = "<group>"; };
/* End PBXFileReference section */

/* Begin PBXFrameworksBuildPhase section */
		6A6E9F3F296F46A60056A468 /* Frameworks */ = {
			isa = PBXFrameworksBuildPhase;
			buildActionMask = 2147483647;
			files = (
			);
			runOnlyForDeploymentPostprocessing = 0;
		};
/* End PBXFrameworksBuildPhase section */

/* Begin PBXGroup section */
		6A6E9F39296F46A60056A468 = {
			isa = PBXGroup;
			children = (
				6A6E9F44296F46A60056A468 /* MVVMUIKit */,
				6A6E9F43296F46A60056A468 /* Products */,
			);
			sourceTree = "<group>";
		};
		6A6E9F43296F46A60056A468 /* Products */ = {
			isa = PBXGroup;
			children = (
				6A6E9F42296F46A60056A468 /* MVVMUIKit.app */,
			);
			name = Products;
			sourceTree = "<group>";
		};
		6A6E9F44296F46A60056A468 /* MVVMUIKit */ = {
			isa = PBXGroup;
			children = (
				6A6E9F45296F46A60056A468 /* AppDelegate.swift */,
				6A6E9F47296F46A60056A468 /* SceneDelegate.swift */,
				6AF0E57D297060190041FA45 /* Rows */,
				6A6E9F5C296F499D0056A468 /* Model */,
				6A6E9F5A296F49860056A468 /* ViewModel */,
				6A6E9F5B296F49900056A468 /* View */,
				6A6E9F59296F49790056A468 /* Service */,
				6A6E9F4B296F46A60056A468 /* Main.storyboard */,
				6A6E9F4E296F46A70056A468 /* Assets.xcassets */,
				6A6E9F50296F46A70056A468 /* LaunchScreen.storyboard */,
				6A6E9F53296F46A70056A468 /* Info.plist */,
			);
			path = MVVMUIKit;
			sourceTree = "<group>";
		};
		6A6E9F59296F49790056A468 /* Service */ = {
			isa = PBXGroup;
			children = (
				6A6E9F5F296F504A0056A468 /* Requests.swift */,
			);
			path = Service;
			sourceTree = "<group>";
		};
		6A6E9F5A296F49860056A468 /* ViewModel */ = {
			isa = PBXGroup;
			children = (
				6A6E9F61296F50690056A468 /* CountriesViewModel.swift */,
			);
			path = ViewModel;
			sourceTree = "<group>";
		};
		6A6E9F5B296F49900056A468 /* View */ = {
			isa = PBXGroup;
			children = (
				6A6E9F49296F46A60056A468 /* CountriesViewController.swift */,
				6AF0E57E297060760041FA45 /* CountryViewController.swift */,
			);
			path = View;
			sourceTree = "<group>";
		};
		6A6E9F5C296F499D0056A468 /* Model */ = {
			isa = PBXGroup;
			children = (
				6A6E9F5D296F4FE20056A468 /* CountryModel.swift */,
			);
			path = Model;
			sourceTree = "<group>";
		};
		6AF0E57D297060190041FA45 /* Rows */ = {
			isa = PBXGroup;
			children = (
				6A6E9F63296F52FC0056A468 /* CountryTableViewCell.swift */,
			);
			path = Rows;
			sourceTree = "<group>";
		};
/* End PBXGroup section */

/* Begin PBXNativeTarget section */
		6A6E9F41296F46A60056A468 /* MVVMUIKit */ = {
			isa = PBXNativeTarget;
			buildConfigurationList = 6A6E9F56296F46A70056A468 /* Build configuration list for PBXNativeTarget "MVVMUIKit" */;
			buildPhases = (
				6A6E9F3E296F46A60056A468 /* Sources */,
				6A6E9F3F296F46A60056A468 /* Frameworks */,
				6A6E9F40296F46A60056A468 /* Resources */,
			);
			buildRules = (
			);
			dependencies = (
			);
			name = MVVMUIKit;
			productName = MVVMUIKit;
			productReference = 6A6E9F42296F46A60056A468 /* MVVMUIKit.app */;
			productType = "com.apple.product-type.application";
		};
/* End PBXNativeTarget section */

/* Begin PBXProject section */
		6A6E9F3A296F46A60056A468 /* Project object */ = {
			isa = PBXProject;
			attributes = {
				BuildIndependentTargetsInParallel = 1;
				LastSwiftUpdateCheck = 1420;
				LastUpgradeCheck = 1420;
				TargetAttributes = {
					6A6E9F41296F46A60056A468 = {
						CreatedOnToolsVersion = 14.2;
					};
				};
			};
			buildConfigurationList = 6A6E9F3D296F46A60056A468 /* Build configuration list for PBXProject "MVVMUIKit" */;
			compatibilityVersion = "Xcode 14.0";
			developmentRegion = en;
			hasScannedForEncodings = 0;
			knownRegions = (
				en,
				Base,
			);
			mainGroup = 6A6E9F39296F46A60056A468;
			productRefGroup = 6A6E9F43296F46A60056A468 /* Products */;
			projectDirPath = "";
			projectRoot = "";
			targets = (
				6A6E9F41296F46A60056A468 /* MVVMUIKit */,
			);
		};
/* End PBXProject section */

/* Begin PBXResourcesBuildPhase section */
		6A6E9F40296F46A60056A468 /* Resources */ = {
			isa = PBXResourcesBuildPhase;
			buildActionMask = 2147483647;
			files = (
				6A6E9F52296F46A70056A468 /* LaunchScreen.storyboard in Resources */,
				6A6E9F4F296F46A70056A468 /* Assets.xcassets in Resources */,
				6A6E9F4D296F46A60056A468 /* Main.storyboard in Resources */,
			);
			runOnlyForDeploymentPostprocessing = 0;
		};
/* End PBXResourcesBuildPhase section */

/* Begin PBXSourcesBuildPhase section */
		6A6E9F3E296F46A60056A468 /* Sources */ = {
			isa = PBXSourcesBuildPhase;
			buildActionMask = 2147483647;
			files = (
				6A6E9F4A296F46A60056A468 /* CountriesViewController.swift in Sources */,
				6A6E9F46296F46A60056A468 /* AppDelegate.swift in Sources */,
				6A6E9F5E296F4FE20056A468 /* CountryModel.swift in Sources */,
				6A6E9F62296F50690056A468 /* CountriesViewModel.swift in Sources */,
				6AF0E57F297060760041FA45 /* CountryViewController.swift in Sources */,
				6A6E9F60296F504A0056A468 /* Requests.swift in Sources */,
				6A6E9F64296F52FC0056A468 /* CountryTableViewCell.swift in Sources */,
				6A6E9F48296F46A60056A468 /* SceneDelegate.swift in Sources */,
			);
			runOnlyForDeploymentPostprocessing = 0;
		};
/* End PBXSourcesBuildPhase section */

/* Begin PBXVariantGroup section */
		6A6E9F4B296F46A60056A468 /* Main.storyboard */ = {
			isa = PBXVariantGroup;
			children = (
				6A6E9F4C296F46A60056A468 /* Base */,
			);
			name = Main.storyboard;
			sourceTree = "<group>";
		};
		6A6E9F50296F46A70056A468 /* LaunchScreen.storyboard */ = {
			isa = PBXVariantGroup;
			children = (
				6A6E9F51296F46A70056A468 /* Base */,
			);
			name = LaunchScreen.storyboard;
			sourceTree = "<group>";
		};
/* End PBXVariantGroup section */

/* Begin XCBuildConfiguration section */
		6A6E9F54296F46A70056A468 /* Debug */ = {
			isa = XCBuildConfiguration;
			buildSettings = {
				ALWAYS_SEARCH_USER_PATHS = NO;
				CLANG_ANALYZER_NONNULL = YES;
				CLANG_ANALYZER_NUMBER_OBJECT_CONVERSION = YES_AGGRESSIVE;
				CLANG_CXX_LANGUAGE_STANDARD = "gnu++20";
				CLANG_ENABLE_MODULES = YES;
				CLANG_ENABLE_OBJC_ARC = YES;
				CLANG_ENABLE_OBJC_WEAK = YES;
				CLANG_WARN_BLOCK_CAPTURE_AUTORELEASING = YES;
				CLANG_WARN_BOOL_CONVERSION = YES;
				CLANG_WARN_COMMA = YES;
				CLANG_WARN_CONSTANT_CONVERSION = YES;
				CLANG_WARN_DEPRECATED_OBJC_IMPLEMENTATIONS = YES;
				CLANG_WARN_DIRECT_OBJC_ISA_USAGE = YES_ERROR;
				CLANG_WARN_DOCUMENTATION_COMMENTS = YES;
				CLANG_WARN_EMPTY_BODY = YES;
				CLANG_WARN_ENUM_CONVERSION = YES;
				CLANG_WARN_INFINITE_RECURSION = YES;
				CLANG_WARN_INT_CONVERSION = YES;
				CLANG_WARN_NON_LITERAL_NULL_CONVERSION = YES;
				CLANG_WARN_OBJC_IMPLICIT_RETAIN_SELF = YES;
				CLANG_WARN_OBJC_LITERAL_CONVERSION = YES;
				CLANG_WARN_OBJC_ROOT_CLASS = YES_ERROR;
				CLANG_WARN_QUOTED_INCLUDE_IN_FRAMEWORK_HEADER = YES;
				CLANG_WARN_RANGE_LOOP_ANALYSIS = YES;
				CLANG_WARN_STRICT_PROTOTYPES = YES;
				CLANG_WARN_SUSPICIOUS_MOVE = YES;
				CLANG_WARN_UNGUARDED_AVAILABILITY = YES_AGGRESSIVE;
				CLANG_WARN_UNREACHABLE_CODE = YES;
				CLANG_WARN__DUPLICATE_METHOD_MATCH = YES;
				COPY_PHASE_STRIP = NO;
				DEBUG_INFORMATION_FORMAT = dwarf;
				ENABLE_STRICT_OBJC_MSGSEND = YES;
				ENABLE_TESTABILITY = YES;
				GCC_C_LANGUAGE_STANDARD = gnu11;
				GCC_DYNAMIC_NO_PIC = NO;
				GCC_NO_COMMON_BLOCKS = YES;
				GCC_OPTIMIZATION_LEVEL = 0;
				GCC_PREPROCESSOR_DEFINITIONS = (
					"DEBUG=1",
					"$(inherited)",
				);
				GCC_WARN_64_TO_32_BIT_CONVERSION = YES;
				GCC_WARN_ABOUT_RETURN_TYPE = YES_ERROR;
				GCC_WARN_UNDECLARED_SELECTOR = YES;
				GCC_WARN_UNINITIALIZED_AUTOS = YES_AGGRESSIVE;
				GCC_WARN_UNUSED_FUNCTION = YES;
				GCC_WARN_UNUSED_VARIABLE = YES;
				IPHONEOS_DEPLOYMENT_TARGET = 16.2;
				MTL_ENABLE_DEBUG_INFO = INCLUDE_SOURCE;
				MTL_FAST_MATH = YES;
				ONLY_ACTIVE_ARCH = YES;
				SDKROOT = iphoneos;
				SWIFT_ACTIVE_COMPILATION_CONDITIONS = DEBUG;
				SWIFT_OPTIMIZATION_LEVEL = "-Onone";
			};
			name = Debug;
		};
		6A6E9F55296F46A70056A468 /* Release */ = {
			isa = XCBuildConfiguration;
			buildSettings = {
				ALWAYS_SEARCH_USER_PATHS = NO;
				CLANG_ANALYZER_NONNULL = YES;
				CLANG_ANALYZER_NUMBER_OBJECT_CONVERSION = YES_AGGRESSIVE;
				CLANG_CXX_LANGUAGE_STANDARD = "gnu++20";
				CLANG_ENABLE_MODULES = YES;
				CLANG_ENABLE_OBJC_ARC = YES;
				CLANG_ENABLE_OBJC_WEAK = YES;
				CLANG_WARN_BLOCK_CAPTURE_AUTORELEASING = YES;
				CLANG_WARN_BOOL_CONVERSION = YES;
				CLANG_WARN_COMMA = YES;
				CLANG_WARN_CONSTANT_CONVERSION = YES;
				CLANG_WARN_DEPRECATED_OBJC_IMPLEMENTATIONS = YES;
				CLANG_WARN_DIRECT_OBJC_ISA_USAGE = YES_ERROR;
				CLANG_WARN_DOCUMENTATION_COMMENTS = YES;
				CLANG_WARN_EMPTY_BODY = YES;
				CLANG_WARN_ENUM_CONVERSION = YES;
				CLANG_WARN_INFINITE_RECURSION = YES;
				CLANG_WARN_INT_CONVERSION = YES;
				CLANG_WARN_NON_LITERAL_NULL_CONVERSION = YES;
				CLANG_WARN_OBJC_IMPLICIT_RETAIN_SELF = YES;
				CLANG_WARN_OBJC_LITERAL_CONVERSION = YES;
				CLANG_WARN_OBJC_ROOT_CLASS = YES_ERROR;
				CLANG_WARN_QUOTED_INCLUDE_IN_FRAMEWORK_HEADER = YES;
				CLANG_WARN_RANGE_LOOP_ANALYSIS = YES;
				CLANG_WARN_STRICT_PROTOTYPES = YES;
				CLANG_WARN_SUSPICIOUS_MOVE = YES;
				CLANG_WARN_UNGUARDED_AVAILABILITY = YES_AGGRESSIVE;
				CLANG_WARN_UNREACHABLE_CODE = YES;
				CLANG_WARN__DUPLICATE_METHOD_MATCH = YES;
				COPY_PHASE_STRIP = NO;
				DEBUG_INFORMATION_FORMAT = "dwarf-with-dsym";
				ENABLE_NS_ASSERTIONS = NO;
				ENABLE_STRICT_OBJC_MSGSEND = YES;
				GCC_C_LANGUAGE_STANDARD = gnu11;
				GCC_NO_COMMON_BLOCKS = YES;
				GCC_WARN_64_TO_32_BIT_CONVERSION = YES;
				GCC_WARN_ABOUT_RETURN_TYPE = YES_ERROR;
				GCC_WARN_UNDECLARED_SELECTOR = YES;
				GCC_WARN_UNINITIALIZED_AUTOS = YES_AGGRESSIVE;
				GCC_WARN_UNUSED_FUNCTION = YES;
				GCC_WARN_UNUSED_VARIABLE = YES;
				IPHONEOS_DEPLOYMENT_TARGET = 16.2;
				MTL_ENABLE_DEBUG_INFO = NO;
				MTL_FAST_MATH = YES;
				SDKROOT = iphoneos;
				SWIFT_COMPILATION_MODE = wholemodule;
				SWIFT_OPTIMIZATION_LEVEL = "-O";
				VALIDATE_PRODUCT = YES;
			};
			name = Release;
		};
		6A6E9F57296F46A70056A468 /* Debug */ = {
			isa = XCBuildConfiguration;
			buildSettings = {
				ASSETCATALOG_COMPILER_APPICON_NAME = AppIcon;
				ASSETCATALOG_COMPILER_GLOBAL_ACCENT_COLOR_NAME = AccentColor;
				CODE_SIGN_STYLE = Automatic;
				CURRENT_PROJECT_VERSION = 1;
				GENERATE_INFOPLIST_FILE = YES;
				INFOPLIST_FILE = MVVMUIKit/Info.plist;
				INFOPLIST_KEY_UIApplicationSupportsIndirectInputEvents = YES;
				INFOPLIST_KEY_UILaunchStoryboardName = LaunchScreen;
				INFOPLIST_KEY_UIMainStoryboardFile = Main;
				INFOPLIST_KEY_UISupportedInterfaceOrientations_iPad = "UIInterfaceOrientationPortrait UIInterfaceOrientationPortraitUpsideDown UIInterfaceOrientationLandscapeLeft UIInterfaceOrientationLandscapeRight";
				INFOPLIST_KEY_UISupportedInterfaceOrientations_iPhone = "UIInterfaceOrientationPortrait UIInterfaceOrientationLandscapeLeft UIInterfaceOrientationLandscapeRight";
				LD_RUNPATH_SEARCH_PATHS = (
					"$(inherited)",
					"@executable_path/Frameworks",
				);
				MARKETING_VERSION = 1.0;
				PRODUCT_BUNDLE_IDENTIFIER = none.MVVMUIKit;
				PRODUCT_NAME = "$(TARGET_NAME)";
				SWIFT_EMIT_LOC_STRINGS = YES;
				SWIFT_VERSION = 5.0;
				TARGETED_DEVICE_FAMILY = "1,2";
			};
			name = Debug;
		};
		6A6E9F58296F46A70056A468 /* Release */ = {
			isa = XCBuildConfiguration;
			buildSettings = {
				ASSETCATALOG_COMPILER_APPICON_NAME = AppIcon;
				ASSETCATALOG_COMPILER_GLOBAL_ACCENT_COLOR_NAME = AccentColor;
				CODE_SIGN_STYLE = Automatic;
				CURRENT_PROJECT_VERSION = 1;
				GENERATE_INFOPLIST_FILE = YES;
				INFOPLIST_FILE = MVVMUIKit/Info.plist;
				INFOPLIST_KEY_UIApplicationSupportsIndirectInputEvents = YES;
				INFOPLIST_KEY_UILaunchStoryboardName = LaunchScreen;
				INFOPLIST_KEY_UIMainStoryboardFile = Main;
				INFOPLIST_KEY_UISupportedInterfaceOrientations_iPad = "UIInterfaceOrientationPortrait UIInterfaceOrientationPortraitUpsideDown UIInterfaceOrientationLandscapeLeft UIInterfaceOrientationLandscapeRight";
				INFOPLIST_KEY_UISupportedInterfaceOrientations_iPhone = "UIInterfaceOrientationPortrait UIInterfaceOrientationLandscapeLeft UIInterfaceOrientationLandscapeRight";
				LD_RUNPATH_SEARCH_PATHS = (
					"$(inherited)",
					"@executable_path/Frameworks",
				);
				MARKETING_VERSION = 1.0;
				PRODUCT_BUNDLE_IDENTIFIER = none.MVVMUIKit;
				PRODUCT_NAME = "$(TARGET_NAME)";
				SWIFT_EMIT_LOC_STRINGS = YES;
				SWIFT_VERSION = 5.0;
				TARGETED_DEVICE_FAMILY = "1,2";
			};
			name = Release;
		};
/* End XCBuildConfiguration section */

/* Begin XCConfigurationList section */
		6A6E9F3D296F46A60056A468 /* Build configuration list for PBXProject "MVVMUIKit" */ = {
			isa = XCConfigurationList;
			buildConfigurations = (
				6A6E9F54296F46A70056A468 /* Debug */,
				6A6E9F55296F46A70056A468 /* Release */,
			);
			defaultConfigurationIsVisible = 0;
			defaultConfigurationName = Release;
		};
		6A6E9F56296F46A70056A468 /* Build configuration list for PBXNativeTarget "MVVMUIKit" */ = {
			isa = XCConfigurationList;
			buildConfigurations = (
				6A6E9F57296F46A70056A468 /* Debug */,
				6A6E9F58296F46A70056A468 /* Release */,
			);
			defaultConfigurationIsVisible = 0;
			defaultConfigurationName = Release;
		};
/* End XCConfigurationList section */
	};
	rootObject = 6A6E9F3A296F46A60056A468 /* Project object */;
}
